{
  "name": "mount-observer",
  "version": "0.1.32",
  "lockfileVersion": 3,
  "requires": true,
  "packages": {
    "": {
      "name": "mount-observer",
      "version": "0.1.32",
      "license": "MIT",
      "dependencies": {
        "assign-gingerly": "0.0.30",
        "id-generation": "0.0.4"
      },
      "devDependencies": {
        "@playwright/test": "1.59.1",
        "spa-ssi": "0.0.27"
      }
    },
    "node_modules/@playwright/test": {
      "version": "1.59.1",
      "resolved": "https://registry.npmjs.org/@playwright/test/-/test-1.59.1.tgz",
      "integrity": "sha512-PG6q63nQg5c9rIi4/Z5lR5IVF7yU5MqmKaPOe0HSc0O2cX1fPi96sUQu5j7eo4gKCkB2AnNGoWt7y4/Xx3Kcqg==",
      "dev": true,
      "license": "Apache-2.0",
      "dependencies": {
        "playwright": "1.59.1"
      },
      "bin": {
        "playwright": "cli.js"
      },
      "engines": {
        "node": ">=18"
      }
    },
    "node_modules/assign-gingerly": {
      "version": "0.0.30",
      "resolved": "https://registry.npmjs.org/assign-gingerly/-/assign-gingerly-0.0.30.tgz",
      "integrity": "sha512-2rqMxGvDzdLUv8E8Ne0A52c1YH/Lnq8Js75/8UcA0C0kk69P0IcVSiFhUur4medeo0nlMN+AggL1ibeWR6AzOA==",
      "license": "MIT"
    },
    "node_modules/fsevents": {
      "version": "2.3.2",
      "resolved": "https://registry.npmjs.org/fsevents/-/fsevents-2.3.2.tgz",
      "integrity": "sha512-xiqMQR4xAeHTuB9uWm+fFRcIOgKBMiOBP+eXiyT7jsgVCq1bkVygt00oASowB7EdtpOHaaPgKt812P9ab+DDKA==",
      "dev": true,
      "hasInstallScript": true,
      "license": "MIT",
      "optional": true,
      "os": [
        "darwin"
      ],
      "engines": {
        "node": "^8.16.0 || ^10.6.0 || >=11.0.0"
      }
    },
    "node_modules/id-generation": {
      "version": "0.0.4",
      "resolved": "https://registry.npmjs.org/id-generation/-/id-generation-0.0.4.tgz",
      "integrity": "sha512-qh4jJrhgHzGLRSO/Vn5YzT9HVj3LYXWqiXQFQzLwxXYYe4WA7D3HEE1IqKgCVmWEnwQ1D0AzGx3tjkRfwVUByA==",
      "license": "MIT"
    },
    "node_modules/playwright": {
      "version": "1.59.1",
      "resolved": "https://registry.npmjs.org/playwright/-/playwright-1.59.1.tgz",
      "integrity": "sha512-C8oWjPR3F81yljW9o5OxcWzfh6avkVwDD2VYdwIGqTkl+OGFISgypqzfu7dOe4QNLL2aqcWBmI3PMtLIK233lw==",
      "dev": true,
      "license": "Apache-2.0",
      "dependencies": {
        "playwright-core": "1.59.1"
      },
      "bin": {
        "playwright": "cli.js"
      },
      "engines": {
        "node": ">=18"
      },
      "optionalDependencies": {
        "fsevents": "2.3.2"
      }
    },
    "node_modules/playwright-core": {
      "version": "1.59.1",
      "resolved": "https://registry.npmjs.org/playwright-core/-/playwright-core-1.59.1.tgz",
      "integrity": "sha512-HBV/RJg81z5BiiZ9yPzIiClYV/QMsDCKUyogwH9p3MCP6IYjUFu/MActgYAvK0oWyV9NlwM3GLBjADyWgydVyg==",
      "dev": true,
      "license": "Apache-2.0",
      "bin": {
        "playwright-core": "cli.js"
      },
      "engines": {
        "node": ">=18"
      }
    },
    "node_modules/spa-ssi": {
      "version": "0.0.27",
      "resolved": "https://registry.npmjs.org/spa-ssi/-/spa-ssi-0.0.27.tgz",
      "integrity": "sha512-bV/ChmBlGBQLyroDcng/PR5IeH9LokcNxMuoURE0vDy2NNkW7uFVofvQjLpUMW6IdlCACpOEJsAStACz2kB6iA==",
      "dev": true,
      "license": "MIT"
    }
  }
}
