{
  "name": "mount-observer",
  "version": "0.1.38",
  "lockfileVersion": 3,
  "requires": true,
  "packages": {
    "": {
      "name": "mount-observer",
      "version": "0.1.38",
      "license": "MIT",
      "dependencies": {
        "assign-gingerly": "0.0.51",
        "id-generation": "0.0.4"
      },
      "devDependencies": {
        "@playwright/test": "1.60.0",
        "spa-ssi": "0.0.27"
      }
    },
    "node_modules/@playwright/test": {
      "version": "1.60.0",
      "resolved": "https://registry.npmjs.org/@playwright/test/-/test-1.60.0.tgz",
      "integrity": "sha512-O71yZIbAh/PxDMNGns37GHBIfrVkEVyn+AXyIa5dOTfb4/xNvRWV+Vv/NMbNCtODB/pO7vLlF2OTmMVLhmr7Ag==",
      "dev": true,
      "license": "Apache-2.0",
      "dependencies": {
        "playwright": "1.60.0"
      },
      "bin": {
        "playwright": "cli.js"
      },
      "engines": {
        "node": ">=18"
      }
    },
    "node_modules/assign-gingerly": {
      "version": "0.0.51",
      "resolved": "https://registry.npmjs.org/assign-gingerly/-/assign-gingerly-0.0.51.tgz",
      "integrity": "sha512-aHs6TYjhZbzwWJgogOK+3dpbuz7gk82jn0un1UdVLyobyTD1QZKwYz/nORavD/hsMT4Lcwhe/HO8sbQkkFZ/GQ==",
      "license": "MIT"
    },
    "node_modules/fsevents": {
      "version": "2.3.2",
      "resolved": "https://registry.npmjs.org/fsevents/-/fsevents-2.3.2.tgz",
      "integrity": "sha512-xiqMQR4xAeHTuB9uWm+fFRcIOgKBMiOBP+eXiyT7jsgVCq1bkVygt00oASowB7EdtpOHaaPgKt812P9ab+DDKA==",
      "dev": true,
      "hasInstallScript": true,
      "license": "MIT",
      "optional": true,
      "os": [
        "darwin"
      ],
      "engines": {
        "node": "^8.16.0 || ^10.6.0 || >=11.0.0"
      }
    },
    "node_modules/id-generation": {
      "version": "0.0.4",
      "resolved": "https://registry.npmjs.org/id-generation/-/id-generation-0.0.4.tgz",
      "integrity": "sha512-qh4jJrhgHzGLRSO/Vn5YzT9HVj3LYXWqiXQFQzLwxXYYe4WA7D3HEE1IqKgCVmWEnwQ1D0AzGx3tjkRfwVUByA==",
      "license": "MIT"
    },
    "node_modules/playwright": {
      "version": "1.60.0",
      "resolved": "https://registry.npmjs.org/playwright/-/playwright-1.60.0.tgz",
      "integrity": "sha512-hheHdokM8cdqCb0lcE3s+zT4t4W+vvjpGxsZlDnikarzx8tSzMebh3UiFtgqwFwnTnjYQcsyMF8ei2mCO/tpeA==",
      "dev": true,
      "license": "Apache-2.0",
      "dependencies": {
        "playwright-core": "1.60.0"
      },
      "bin": {
        "playwright": "cli.js"
      },
      "engines": {
        "node": ">=18"
      },
      "optionalDependencies": {
        "fsevents": "2.3.2"
      }
    },
    "node_modules/playwright-core": {
      "version": "1.60.0",
      "resolved": "https://registry.npmjs.org/playwright-core/-/playwright-core-1.60.0.tgz",
      "integrity": "sha512-9bW6zvX/m0lEbgTKJ6YppOKx8H3VOPBMOCFh2irXFOT4BbHgrx5hPjwJYLT40Lu+4qtD36qKc/Hn56StUW57IA==",
      "dev": true,
      "license": "Apache-2.0",
      "bin": {
        "playwright-core": "cli.js"
      },
      "engines": {
        "node": ">=18"
      }
    },
    "node_modules/spa-ssi": {
      "version": "0.0.27",
      "resolved": "https://registry.npmjs.org/spa-ssi/-/spa-ssi-0.0.27.tgz",
      "integrity": "sha512-bV/ChmBlGBQLyroDcng/PR5IeH9LokcNxMuoURE0vDy2NNkW7uFVofvQjLpUMW6IdlCACpOEJsAStACz2kB6iA==",
      "dev": true,
      "license": "MIT"
    }
  }
}
